
Microsoft Visual Studio Solution File, Format Version 12.00
# Visual Studio 15
VisualStudioVersion = 15.0.27130.2003
MinimumVisualStudioVersion = 10.0.40219.1
Project("{FAE04EC0-301F-11D3-BF4B-00C04F79EFBC}") = "Nandonalt_CampingStuff", "Nandonalt_CampingStuff.csproj", "{6928D26C-BE33-4EEF-AF22-A1585B04B526}"
EndProject
Global
	GlobalSection(SolutionConfigurationPlatforms) = preSolution
		Debug|Any CPU = Debug|Any CPU
		Release|Any CPU = Release|Any CPU
	EndGlobalSection
	GlobalSection(ProjectConfigurationPlatforms) = postSolution
		{6928D26C-BE33-4EEF-AF22-A1585B04B526}.Debug|Any CPU.ActiveCfg = Debug|Any CPU
		{6928D26C-BE33-4EEF-AF22-A1585B04B526}.Debug|Any CPU.Build.0 = Debug|Any CPU
		{6928D26C-BE33-4EEF-AF22-A1585B04B526}.Release|Any CPU.ActiveCfg = Release|Any CPU
		{6928D26C-BE33-4EEF-AF22-A1585B04B526}.Release|Any CPU.Build.0 = Release|Any CPU
	EndGlobalSection
	GlobalSection(SolutionProperties) = preSolution
		HideSolutionNode = FALSE
	EndGlobalSection
	GlobalSection(ExtensibilityGlobals) = postSolution
		SolutionGuid = {481901AA-0C3A-4C37-9270-D8E7B4C60174}
	EndGlobalSection
EndGlobal
