
Microsoft Visual Studio Solution File, Format Version 12.00
# Visual Studio 14
VisualStudioVersion = 14.0.25420.1
MinimumVisualStudioVersion = 10.0.40219.1
Project("{FAE04EC0-301F-11D3-BF4B-00C04F79EFBC}") = "Nandonalt_CampingStuff", "Nandonalt_CampingStuff\Nandonalt_CampingStuff.csproj", "{CF86DC3F-4230-4BFD-B164-0BD682E2EF0A}"
EndProject
Project("{2150E333-8FDC-42A3-9474-1A3956D46DE8}") = "Solution Items", "Solution Items", "{8FDA5606-210F-4615-A5C0-A923B3BC3A17}"
EndProject
Global
	GlobalSection(SolutionConfigurationPlatforms) = preSolution
		Debug|Any CPU = Debug|Any CPU
		Release|Any CPU = Release|Any CPU
	EndGlobalSection
	GlobalSection(ProjectConfigurationPlatforms) = postSolution
		{CF86DC3F-4230-4BFD-B164-0BD682E2EF0A}.Debug|Any CPU.ActiveCfg = Debug|Any CPU
		{CF86DC3F-4230-4BFD-B164-0BD682E2EF0A}.Debug|Any CPU.Build.0 = Debug|Any CPU
		{CF86DC3F-4230-4BFD-B164-0BD682E2EF0A}.Release|Any CPU.ActiveCfg = Release|Any CPU
		{CF86DC3F-4230-4BFD-B164-0BD682E2EF0A}.Release|Any CPU.Build.0 = Release|Any CPU
	EndGlobalSection
	GlobalSection(SolutionProperties) = preSolution
		HideSolutionNode = FALSE
	EndGlobalSection
EndGlobal
